
Microsoft Visual Studio Solution File, Format Version 12.00
# Visual Studio 15
VisualStudioVersion = 15.0.28307.645
MinimumVisualStudioVersion = 10.0.40219.1
Project("{FAE04EC0-301F-11D3-BF4B-00C04F79EFBC}") = "SettingsFileSample.Android", "SettingsFileSample\SettingsFileSample.Android\SettingsFileSample.Android.csproj", "{56896CC9-EF89-4E32-837B-181904FE48E3}"
EndProject
Project("{FAE04EC0-301F-11D3-BF4B-00C04F79EFBC}") = "SettingsFileSample.iOS", "SettingsFileSample\SettingsFileSample.iOS\SettingsFileSample.iOS.csproj", "{DEB0FE7F-BE2A-4BB4-BEED-ABE4FE6A1326}"
EndProject
Project("{FAE04EC0-301F-11D3-BF4B-00C04F79EFBC}") = "SettingsFileSample.UWP", "SettingsFileSample\SettingsFileSample.UWP\SettingsFileSample.UWP.csproj", "{4AAC39CC-C34A-4D0B-B1EB-294C1B863E4E}"
EndProject
Project("{9A19103F-16F7-4668-BE54-9A1E7A4F7556}") = "SettingsFileSample", "SettingsFileSample\SettingsFileSample\SettingsFileSample.csproj", "{B303BF98-75BC-4D1F-A7D4-B4202C466CDD}"
EndProject
Project("{9A19103F-16F7-4668-BE54-9A1E7A4F7556}") = "SettingsFile", "..\src\SettingsFile.csproj", "{3E0CF366-D5D4-4189-B295-42A6012BCC50}"
EndProject
Global
	GlobalSection(SolutionConfigurationPlatforms) = preSolution
		Ad-Hoc|Any CPU = Ad-Hoc|Any CPU
		Ad-Hoc|ARM = Ad-Hoc|ARM
		Ad-Hoc|iPhone = Ad-Hoc|iPhone
		Ad-Hoc|iPhoneSimulator = Ad-Hoc|iPhoneSimulator
		Ad-Hoc|x64 = Ad-Hoc|x64
		Ad-Hoc|x86 = Ad-Hoc|x86
		AppStore|Any CPU = AppStore|Any CPU
		AppStore|ARM = AppStore|ARM
		AppStore|iPhone = AppStore|iPhone
		AppStore|iPhoneSimulator = AppStore|iPhoneSimulator
		AppStore|x64 = AppStore|x64
		AppStore|x86 = AppStore|x86
		Debug|Any CPU = Debug|Any CPU
		Debug|ARM = Debug|ARM
		Debug|iPhone = Debug|iPhone
		Debug|iPhoneSimulator = Debug|iPhoneSimulator
		Debug|x64 = Debug|x64
		Debug|x86 = Debug|x86
		Release|Any CPU = Release|Any CPU
		Release|ARM = Release|ARM
		Release|iPhone = Release|iPhone
		Release|iPhoneSimulator = Release|iPhoneSimulator
		Release|x64 = Release|x64
		Release|x86 = Release|x86
	EndGlobalSection
	GlobalSection(ProjectConfigurationPlatforms) = postSolution
		{56896CC9-EF89-4E32-837B-181904FE48E3}.Ad-Hoc|Any CPU.ActiveCfg = Release|Any CPU
		{56896CC9-EF89-4E32-837B-181904FE48E3}.Ad-Hoc|Any CPU.Build.0 = Release|Any CPU
		{56896CC9-EF89-4E32-837B-181904FE48E3}.Ad-Hoc|Any CPU.Deploy.0 = Release|Any CPU
		{56896CC9-EF89-4E32-837B-181904FE48E3}.Ad-Hoc|ARM.ActiveCfg = Release|Any CPU
		{56896CC9-EF89-4E32-837B-181904FE48E3}.Ad-Hoc|ARM.Build.0 = Release|Any CPU
		{56896CC9-EF89-4E32-837B-181904FE48E3}.Ad-Hoc|ARM.Deploy.0 = Release|Any CPU
		{56896CC9-EF89-4E32-837B-181904FE48E3}.Ad-Hoc|iPhone.ActiveCfg = Release|Any CPU
		{56896CC9-EF89-4E32-837B-181904FE48E3}.Ad-Hoc|iPhone.Build.0 = Release|Any CPU
		{56896CC9-EF89-4E32-837B-181904FE48E3}.Ad-Hoc|iPhone.Deploy.0 = Release|Any CPU
		{56896CC9-EF89-4E32-837B-181904FE48E3}.Ad-Hoc|iPhoneSimulator.ActiveCfg = Release|Any CPU
		{56896CC9-EF89-4E32-837B-181904FE48E3}.Ad-Hoc|iPhoneSimulator.Build.0 = Release|Any CPU
		{56896CC9-EF89-4E32-837B-181904FE48E3}.Ad-Hoc|iPhoneSimulator.Deploy.0 = Release|Any CPU
		{56896CC9-EF89-4E32-837B-181904FE48E3}.Ad-Hoc|x64.ActiveCfg = Release|Any CPU
		{56896CC9-EF89-4E32-837B-181904FE48E3}.Ad-Hoc|x64.Build.0 = Release|Any CPU
		{56896CC9-EF89-4E32-837B-181904FE48E3}.Ad-Hoc|x64.Deploy.0 = Release|Any CPU
		{56896CC9-EF89-4E32-837B-181904FE48E3}.Ad-Hoc|x86.ActiveCfg = Release|Any CPU
		{56896CC9-EF89-4E32-837B-181904FE48E3}.Ad-Hoc|x86.Build.0 = Release|Any CPU
		{56896CC9-EF89-4E32-837B-181904FE48E3}.Ad-Hoc|x86.Deploy.0 = Release|Any CPU
		{56896CC9-EF89-4E32-837B-181904FE48E3}.AppStore|Any CPU.ActiveCfg = Release|Any CPU
		{56896CC9-EF89-4E32-837B-181904FE48E3}.AppStore|Any CPU.Build.0 = Release|Any CPU
		{56896CC9-EF89-4E32-837B-181904FE48E3}.AppStore|Any CPU.Deploy.0 = Release|Any CPU
		{56896CC9-EF89-4E32-837B-181904FE48E3}.AppStore|ARM.ActiveCfg = Release|Any CPU
		{56896CC9-EF89-4E32-837B-181904FE48E3}.AppStore|ARM.Build.0 = Release|Any CPU
		{56896CC9-EF89-4E32-837B-181904FE48E3}.AppStore|ARM.Deploy.0 = Release|Any CPU
		{56896CC9-EF89-4E32-837B-181904FE48E3}.AppStore|iPhone.ActiveCfg = Release|Any CPU
		{56896CC9-EF89-4E32-837B-181904FE48E3}.AppStore|iPhone.Build.0 = Release|Any CPU
		{56896CC9-EF89-4E32-837B-181904FE48E3}.AppStore|iPhone.Deploy.0 = Release|Any CPU
		{56896CC9-EF89-4E32-837B-181904FE48E3}.AppStore|iPhoneSimulator.ActiveCfg = Release|Any CPU
		{56896CC9-EF89-4E32-837B-181904FE48E3}.AppStore|iPhoneSimulator.Build.0 = Release|Any CPU
		{56896CC9-EF89-4E32-837B-181904FE48E3}.AppStore|iPhoneSimulator.Deploy.0 = Release|Any CPU
		{56896CC9-EF89-4E32-837B-181904FE48E3}.AppStore|x64.ActiveCfg = Release|Any CPU
		{56896CC9-EF89-4E32-837B-181904FE48E3}.AppStore|x64.Build.0 = Release|Any CPU
		{56896CC9-EF89-4E32-837B-181904FE48E3}.AppStore|x64.Deploy.0 = Release|Any CPU
		{56896CC9-EF89-4E32-837B-181904FE48E3}.AppStore|x86.ActiveCfg = Release|Any CPU
		{56896CC9-EF89-4E32-837B-181904FE48E3}.AppStore|x86.Build.0 = Release|Any CPU
		{56896CC9-EF89-4E32-837B-181904FE48E3}.AppStore|x86.Deploy.0 = Release|Any CPU
		{56896CC9-EF89-4E32-837B-181904FE48E3}.Debug|Any CPU.ActiveCfg = Debug|Any CPU
		{56896CC9-EF89-4E32-837B-181904FE48E3}.Debug|Any CPU.Build.0 = Debug|Any CPU
		{56896CC9-EF89-4E32-837B-181904FE48E3}.Debug|Any CPU.Deploy.0 = Debug|Any CPU
		{56896CC9-EF89-4E32-837B-181904FE48E3}.Debug|ARM.ActiveCfg = Debug|Any CPU
		{56896CC9-EF89-4E32-837B-181904FE48E3}.Debug|ARM.Build.0 = Debug|Any CPU
		{56896CC9-EF89-4E32-837B-181904FE48E3}.Debug|ARM.Deploy.0 = Debug|Any CPU
		{56896CC9-EF89-4E32-837B-181904FE48E3}.Debug|iPhone.ActiveCfg = Debug|Any CPU
		{56896CC9-EF89-4E32-837B-181904FE48E3}.Debug|iPhone.Build.0 = Debug|Any CPU
		{56896CC9-EF89-4E32-837B-181904FE48E3}.Debug|iPhone.Deploy.0 = Debug|Any CPU
		{56896CC9-EF89-4E32-837B-181904FE48E3}.Debug|iPhoneSimulator.ActiveCfg = Debug|Any CPU
		{56896CC9-EF89-4E32-837B-181904FE48E3}.Debug|iPhoneSimulator.Build.0 = Debug|Any CPU
		{56896CC9-EF89-4E32-837B-181904FE48E3}.Debug|iPhoneSimulator.Deploy.0 = Debug|Any CPU
		{56896CC9-EF89-4E32-837B-181904FE48E3}.Debug|x64.ActiveCfg = Debug|Any CPU
		{56896CC9-EF89-4E32-837B-181904FE48E3}.Debug|x64.Build.0 = Debug|Any CPU
		{56896CC9-EF89-4E32-837B-181904FE48E3}.Debug|x64.Deploy.0 = Debug|Any CPU
		{56896CC9-EF89-4E32-837B-181904FE48E3}.Debug|x86.ActiveCfg = Debug|Any CPU
		{56896CC9-EF89-4E32-837B-181904FE48E3}.Debug|x86.Build.0 = Debug|Any CPU
		{56896CC9-EF89-4E32-837B-181904FE48E3}.Debug|x86.Deploy.0 = Debug|Any CPU
		{56896CC9-EF89-4E32-837B-181904FE48E3}.Release|Any CPU.ActiveCfg = Release|Any CPU
		{56896CC9-EF89-4E32-837B-181904FE48E3}.Release|Any CPU.Build.0 = Release|Any CPU
		{56896CC9-EF89-4E32-837B-181904FE48E3}.Release|Any CPU.Deploy.0 = Release|Any CPU
		{56896CC9-EF89-4E32-837B-181904FE48E3}.Release|ARM.ActiveCfg = Release|Any CPU
		{56896CC9-EF89-4E32-837B-181904FE48E3}.Release|ARM.Build.0 = Release|Any CPU
		{56896CC9-EF89-4E32-837B-181904FE48E3}.Release|ARM.Deploy.0 = Release|Any CPU
		{56896CC9-EF89-4E32-837B-181904FE48E3}.Release|iPhone.ActiveCfg = Release|Any CPU
		{56896CC9-EF89-4E32-837B-181904FE48E3}.Release|iPhone.Build.0 = Release|Any CPU
		{56896CC9-EF89-4E32-837B-181904FE48E3}.Release|iPhone.Deploy.0 = Release|Any CPU
		{56896CC9-EF89-4E32-837B-181904FE48E3}.Release|iPhoneSimulator.ActiveCfg = Release|Any CPU
		{56896CC9-EF89-4E32-837B-181904FE48E3}.Release|iPhoneSimulator.Build.0 = Release|Any CPU
		{56896CC9-EF89-4E32-837B-181904FE48E3}.Release|iPhoneSimulator.Deploy.0 = Release|Any CPU
		{56896CC9-EF89-4E32-837B-181904FE48E3}.Release|x64.ActiveCfg = Release|Any CPU
		{56896CC9-EF89-4E32-837B-181904FE48E3}.Release|x64.Build.0 = Release|Any CPU
		{56896CC9-EF89-4E32-837B-181904FE48E3}.Release|x64.Deploy.0 = Release|Any CPU
		{56896CC9-EF89-4E32-837B-181904FE48E3}.Release|x86.ActiveCfg = Release|Any CPU
		{56896CC9-EF89-4E32-837B-181904FE48E3}.Release|x86.Build.0 = Release|Any CPU
		{56896CC9-EF89-4E32-837B-181904FE48E3}.Release|x86.Deploy.0 = Release|Any CPU
		{DEB0FE7F-BE2A-4BB4-BEED-ABE4FE6A1326}.Ad-Hoc|Any CPU.ActiveCfg = Ad-Hoc|iPhone
		{DEB0FE7F-BE2A-4BB4-BEED-ABE4FE6A1326}.Ad-Hoc|Any CPU.Build.0 = Ad-Hoc|iPhone
		{DEB0FE7F-BE2A-4BB4-BEED-ABE4FE6A1326}.Ad-Hoc|Any CPU.Deploy.0 = Ad-Hoc|iPhone
		{DEB0FE7F-BE2A-4BB4-BEED-ABE4FE6A1326}.Ad-Hoc|ARM.ActiveCfg = Ad-Hoc|iPhone
		{DEB0FE7F-BE2A-4BB4-BEED-ABE4FE6A1326}.Ad-Hoc|ARM.Build.0 = Ad-Hoc|iPhone
		{DEB0FE7F-BE2A-4BB4-BEED-ABE4FE6A1326}.Ad-Hoc|ARM.Deploy.0 = Ad-Hoc|iPhone
		{DEB0FE7F-BE2A-4BB4-BEED-ABE4FE6A1326}.Ad-Hoc|iPhone.ActiveCfg = Ad-Hoc|iPhone
		{DEB0FE7F-BE2A-4BB4-BEED-ABE4FE6A1326}.Ad-Hoc|iPhone.Build.0 = Ad-Hoc|iPhone
		{DEB0FE7F-BE2A-4BB4-BEED-ABE4FE6A1326}.Ad-Hoc|iPhone.Deploy.0 = Ad-Hoc|iPhone
		{DEB0FE7F-BE2A-4BB4-BEED-ABE4FE6A1326}.Ad-Hoc|iPhoneSimulator.ActiveCfg = Ad-Hoc|iPhoneSimulator
		{DEB0FE7F-BE2A-4BB4-BEED-ABE4FE6A1326}.Ad-Hoc|iPhoneSimulator.Build.0 = Ad-Hoc|iPhoneSimulator
		{DEB0FE7F-BE2A-4BB4-BEED-ABE4FE6A1326}.Ad-Hoc|iPhoneSimulator.Deploy.0 = Ad-Hoc|iPhoneSimulator
		{DEB0FE7F-BE2A-4BB4-BEED-ABE4FE6A1326}.Ad-Hoc|x64.ActiveCfg = Ad-Hoc|iPhone
		{DEB0FE7F-BE2A-4BB4-BEED-ABE4FE6A1326}.Ad-Hoc|x64.Build.0 = Ad-Hoc|iPhone
		{DEB0FE7F-BE2A-4BB4-BEED-ABE4FE6A1326}.Ad-Hoc|x64.Deploy.0 = Ad-Hoc|iPhone
		{DEB0FE7F-BE2A-4BB4-BEED-ABE4FE6A1326}.Ad-Hoc|x86.ActiveCfg = Ad-Hoc|iPhone
		{DEB0FE7F-BE2A-4BB4-BEED-ABE4FE6A1326}.Ad-Hoc|x86.Build.0 = Ad-Hoc|iPhone
		{DEB0FE7F-BE2A-4BB4-BEED-ABE4FE6A1326}.Ad-Hoc|x86.Deploy.0 = Ad-Hoc|iPhone
		{DEB0FE7F-BE2A-4BB4-BEED-ABE4FE6A1326}.AppStore|Any CPU.ActiveCfg = AppStore|iPhone
		{DEB0FE7F-BE2A-4BB4-BEED-ABE4FE6A1326}.AppStore|Any CPU.Build.0 = AppStore|iPhone
		{DEB0FE7F-BE2A-4BB4-BEED-ABE4FE6A1326}.AppStore|Any CPU.Deploy.0 = AppStore|iPhone
		{DEB0FE7F-BE2A-4BB4-BEED-ABE4FE6A1326}.AppStore|ARM.ActiveCfg = AppStore|iPhone
		{DEB0FE7F-BE2A-4BB4-BEED-ABE4FE6A1326}.AppStore|ARM.Build.0 = AppStore|iPhone
		{DEB0FE7F-BE2A-4BB4-BEED-ABE4FE6A1326}.AppStore|ARM.Deploy.0 = AppStore|iPhone
		{DEB0FE7F-BE2A-4BB4-BEED-ABE4FE6A1326}.AppStore|iPhone.ActiveCfg = AppStore|iPhone
		{DEB0FE7F-BE2A-4BB4-BEED-ABE4FE6A1326}.AppStore|iPhone.Build.0 = AppStore|iPhone
		{DEB0FE7F-BE2A-4BB4-BEED-ABE4FE6A1326}.AppStore|iPhone.Deploy.0 = AppStore|iPhone
		{DEB0FE7F-BE2A-4BB4-BEED-ABE4FE6A1326}.AppStore|iPhoneSimulator.ActiveCfg = AppStore|iPhoneSimulator
		{DEB0FE7F-BE2A-4BB4-BEED-ABE4FE6A1326}.AppStore|iPhoneSimulator.Build.0 = AppStore|iPhoneSimulator
		{DEB0FE7F-BE2A-4BB4-BEED-ABE4FE6A1326}.AppStore|iPhoneSimulator.Deploy.0 = AppStore|iPhoneSimulator
		{DEB0FE7F-BE2A-4BB4-BEED-ABE4FE6A1326}.AppStore|x64.ActiveCfg = AppStore|iPhone
		{DEB0FE7F-BE2A-4BB4-BEED-ABE4FE6A1326}.AppStore|x64.Build.0 = AppStore|iPhone
		{DEB0FE7F-BE2A-4BB4-BEED-ABE4FE6A1326}.AppStore|x64.Deploy.0 = AppStore|iPhone
		{DEB0FE7F-BE2A-4BB4-BEED-ABE4FE6A1326}.AppStore|x86.ActiveCfg = AppStore|iPhone
		{DEB0FE7F-BE2A-4BB4-BEED-ABE4FE6A1326}.AppStore|x86.Build.0 = AppStore|iPhone
		{DEB0FE7F-BE2A-4BB4-BEED-ABE4FE6A1326}.AppStore|x86.Deploy.0 = AppStore|iPhone
		{DEB0FE7F-BE2A-4BB4-BEED-ABE4FE6A1326}.Debug|Any CPU.ActiveCfg = Debug|iPhoneSimulator
		{DEB0FE7F-BE2A-4BB4-BEED-ABE4FE6A1326}.Debug|Any CPU.Build.0 = Debug|iPhoneSimulator
		{DEB0FE7F-BE2A-4BB4-BEED-ABE4FE6A1326}.Debug|Any CPU.Deploy.0 = Debug|iPhoneSimulator
		{DEB0FE7F-BE2A-4BB4-BEED-ABE4FE6A1326}.Debug|ARM.ActiveCfg = Debug|iPhone
		{DEB0FE7F-BE2A-4BB4-BEED-ABE4FE6A1326}.Debug|ARM.Build.0 = Debug|iPhone
		{DEB0FE7F-BE2A-4BB4-BEED-ABE4FE6A1326}.Debug|ARM.Deploy.0 = Debug|iPhone
		{DEB0FE7F-BE2A-4BB4-BEED-ABE4FE6A1326}.Debug|iPhone.ActiveCfg = Debug|iPhone
		{DEB0FE7F-BE2A-4BB4-BEED-ABE4FE6A1326}.Debug|iPhone.Build.0 = Debug|iPhone
		{DEB0FE7F-BE2A-4BB4-BEED-ABE4FE6A1326}.Debug|iPhone.Deploy.0 = Debug|iPhone
		{DEB0FE7F-BE2A-4BB4-BEED-ABE4FE6A1326}.Debug|iPhoneSimulator.ActiveCfg = Debug|iPhoneSimulator
		{DEB0FE7F-BE2A-4BB4-BEED-ABE4FE6A1326}.Debug|iPhoneSimulator.Build.0 = Debug|iPhoneSimulator
		{DEB0FE7F-BE2A-4BB4-BEED-ABE4FE6A1326}.Debug|iPhoneSimulator.Deploy.0 = Debug|iPhoneSimulator
		{DEB0FE7F-BE2A-4BB4-BEED-ABE4FE6A1326}.Debug|x64.ActiveCfg = Debug|iPhone
		{DEB0FE7F-BE2A-4BB4-BEED-ABE4FE6A1326}.Debug|x64.Build.0 = Debug|iPhone
		{DEB0FE7F-BE2A-4BB4-BEED-ABE4FE6A1326}.Debug|x64.Deploy.0 = Debug|iPhone
		{DEB0FE7F-BE2A-4BB4-BEED-ABE4FE6A1326}.Debug|x86.ActiveCfg = Debug|iPhone
		{DEB0FE7F-BE2A-4BB4-BEED-ABE4FE6A1326}.Debug|x86.Build.0 = Debug|iPhone
		{DEB0FE7F-BE2A-4BB4-BEED-ABE4FE6A1326}.Debug|x86.Deploy.0 = Debug|iPhone
		{DEB0FE7F-BE2A-4BB4-BEED-ABE4FE6A1326}.Release|Any CPU.ActiveCfg = Release|iPhone
		{DEB0FE7F-BE2A-4BB4-BEED-ABE4FE6A1326}.Release|Any CPU.Build.0 = Release|iPhone
		{DEB0FE7F-BE2A-4BB4-BEED-ABE4FE6A1326}.Release|Any CPU.Deploy.0 = Release|iPhone
		{DEB0FE7F-BE2A-4BB4-BEED-ABE4FE6A1326}.Release|ARM.ActiveCfg = Release|iPhone
		{DEB0FE7F-BE2A-4BB4-BEED-ABE4FE6A1326}.Release|ARM.Build.0 = Release|iPhone
		{DEB0FE7F-BE2A-4BB4-BEED-ABE4FE6A1326}.Release|ARM.Deploy.0 = Release|iPhone
		{DEB0FE7F-BE2A-4BB4-BEED-ABE4FE6A1326}.Release|iPhone.ActiveCfg = Release|iPhone
		{DEB0FE7F-BE2A-4BB4-BEED-ABE4FE6A1326}.Release|iPhone.Build.0 = Release|iPhone
		{DEB0FE7F-BE2A-4BB4-BEED-ABE4FE6A1326}.Release|iPhone.Deploy.0 = Release|iPhone
		{DEB0FE7F-BE2A-4BB4-BEED-ABE4FE6A1326}.Release|iPhoneSimulator.ActiveCfg = Release|iPhoneSimulator
		{DEB0FE7F-BE2A-4BB4-BEED-ABE4FE6A1326}.Release|iPhoneSimulator.Build.0 = Release|iPhoneSimulator
		{DEB0FE7F-BE2A-4BB4-BEED-ABE4FE6A1326}.Release|iPhoneSimulator.Deploy.0 = Release|iPhoneSimulator
		{DEB0FE7F-BE2A-4BB4-BEED-ABE4FE6A1326}.Release|x64.ActiveCfg = Release|iPhone
		{DEB0FE7F-BE2A-4BB4-BEED-ABE4FE6A1326}.Release|x64.Build.0 = Release|iPhone
		{DEB0FE7F-BE2A-4BB4-BEED-ABE4FE6A1326}.Release|x64.Deploy.0 = Release|iPhone
		{DEB0FE7F-BE2A-4BB4-BEED-ABE4FE6A1326}.Release|x86.ActiveCfg = Release|iPhone
		{DEB0FE7F-BE2A-4BB4-BEED-ABE4FE6A1326}.Release|x86.Build.0 = Release|iPhone
		{DEB0FE7F-BE2A-4BB4-BEED-ABE4FE6A1326}.Release|x86.Deploy.0 = Release|iPhone
		{4AAC39CC-C34A-4D0B-B1EB-294C1B863E4E}.Ad-Hoc|Any CPU.ActiveCfg = Release|x86
		{4AAC39CC-C34A-4D0B-B1EB-294C1B863E4E}.Ad-Hoc|Any CPU.Build.0 = Release|x86
		{4AAC39CC-C34A-4D0B-B1EB-294C1B863E4E}.Ad-Hoc|Any CPU.Deploy.0 = Release|x86
		{4AAC39CC-C34A-4D0B-B1EB-294C1B863E4E}.Ad-Hoc|ARM.ActiveCfg = Release|ARM
		{4AAC39CC-C34A-4D0B-B1EB-294C1B863E4E}.Ad-Hoc|ARM.Build.0 = Release|ARM
		{4AAC39CC-C34A-4D0B-B1EB-294C1B863E4E}.Ad-Hoc|ARM.Deploy.0 = Release|ARM
		{4AAC39CC-C34A-4D0B-B1EB-294C1B863E4E}.Ad-Hoc|iPhone.ActiveCfg = Release|x86
		{4AAC39CC-C34A-4D0B-B1EB-294C1B863E4E}.Ad-Hoc|iPhone.Build.0 = Release|x86
		{4AAC39CC-C34A-4D0B-B1EB-294C1B863E4E}.Ad-Hoc|iPhone.Deploy.0 = Release|x86
		{4AAC39CC-C34A-4D0B-B1EB-294C1B863E4E}.Ad-Hoc|iPhoneSimulator.ActiveCfg = Release|x86
		{4AAC39CC-C34A-4D0B-B1EB-294C1B863E4E}.Ad-Hoc|iPhoneSimulator.Build.0 = Release|x86
		{4AAC39CC-C34A-4D0B-B1EB-294C1B863E4E}.Ad-Hoc|iPhoneSimulator.Deploy.0 = Release|x86
		{4AAC39CC-C34A-4D0B-B1EB-294C1B863E4E}.Ad-Hoc|x64.ActiveCfg = Release|x64
		{4AAC39CC-C34A-4D0B-B1EB-294C1B863E4E}.Ad-Hoc|x64.Build.0 = Release|x64
		{4AAC39CC-C34A-4D0B-B1EB-294C1B863E4E}.Ad-Hoc|x64.Deploy.0 = Release|x64
		{4AAC39CC-C34A-4D0B-B1EB-294C1B863E4E}.Ad-Hoc|x86.ActiveCfg = Release|x86
		{4AAC39CC-C34A-4D0B-B1EB-294C1B863E4E}.Ad-Hoc|x86.Build.0 = Release|x86
		{4AAC39CC-C34A-4D0B-B1EB-294C1B863E4E}.Ad-Hoc|x86.Deploy.0 = Release|x86
		{4AAC39CC-C34A-4D0B-B1EB-294C1B863E4E}.AppStore|Any CPU.ActiveCfg = Release|x86
		{4AAC39CC-C34A-4D0B-B1EB-294C1B863E4E}.AppStore|Any CPU.Build.0 = Release|x86
		{4AAC39CC-C34A-4D0B-B1EB-294C1B863E4E}.AppStore|Any CPU.Deploy.0 = Release|x86
		{4AAC39CC-C34A-4D0B-B1EB-294C1B863E4E}.AppStore|ARM.ActiveCfg = Release|ARM
		{4AAC39CC-C34A-4D0B-B1EB-294C1B863E4E}.AppStore|ARM.Build.0 = Release|ARM
		{4AAC39CC-C34A-4D0B-B1EB-294C1B863E4E}.AppStore|ARM.Deploy.0 = Release|ARM
		{4AAC39CC-C34A-4D0B-B1EB-294C1B863E4E}.AppStore|iPhone.ActiveCfg = Release|x86
		{4AAC39CC-C34A-4D0B-B1EB-294C1B863E4E}.AppStore|iPhone.Build.0 = Release|x86
		{4AAC39CC-C34A-4D0B-B1EB-294C1B863E4E}.AppStore|iPhone.Deploy.0 = Release|x86
		{4AAC39CC-C34A-4D0B-B1EB-294C1B863E4E}.AppStore|iPhoneSimulator.ActiveCfg = Release|x86
		{4AAC39CC-C34A-4D0B-B1EB-294C1B863E4E}.AppStore|iPhoneSimulator.Build.0 = Release|x86
		{4AAC39CC-C34A-4D0B-B1EB-294C1B863E4E}.AppStore|iPhoneSimulator.Deploy.0 = Release|x86
		{4AAC39CC-C34A-4D0B-B1EB-294C1B863E4E}.AppStore|x64.ActiveCfg = Release|x64
		{4AAC39CC-C34A-4D0B-B1EB-294C1B863E4E}.AppStore|x64.Build.0 = Release|x64
		{4AAC39CC-C34A-4D0B-B1EB-294C1B863E4E}.AppStore|x64.Deploy.0 = Release|x64
		{4AAC39CC-C34A-4D0B-B1EB-294C1B863E4E}.AppStore|x86.ActiveCfg = Release|x86
		{4AAC39CC-C34A-4D0B-B1EB-294C1B863E4E}.AppStore|x86.Build.0 = Release|x86
		{4AAC39CC-C34A-4D0B-B1EB-294C1B863E4E}.AppStore|x86.Deploy.0 = Release|x86
		{4AAC39CC-C34A-4D0B-B1EB-294C1B863E4E}.Debug|Any CPU.ActiveCfg = Debug|x86
		{4AAC39CC-C34A-4D0B-B1EB-294C1B863E4E}.Debug|Any CPU.Build.0 = Debug|x86
		{4AAC39CC-C34A-4D0B-B1EB-294C1B863E4E}.Debug|Any CPU.Deploy.0 = Debug|x86
		{4AAC39CC-C34A-4D0B-B1EB-294C1B863E4E}.Debug|ARM.ActiveCfg = Debug|ARM
		{4AAC39CC-C34A-4D0B-B1EB-294C1B863E4E}.Debug|ARM.Build.0 = Debug|ARM
		{4AAC39CC-C34A-4D0B-B1EB-294C1B863E4E}.Debug|ARM.Deploy.0 = Debug|ARM
		{4AAC39CC-C34A-4D0B-B1EB-294C1B863E4E}.Debug|iPhone.ActiveCfg = Debug|x86
		{4AAC39CC-C34A-4D0B-B1EB-294C1B863E4E}.Debug|iPhone.Build.0 = Debug|x86
		{4AAC39CC-C34A-4D0B-B1EB-294C1B863E4E}.Debug|iPhone.Deploy.0 = Debug|x86
		{4AAC39CC-C34A-4D0B-B1EB-294C1B863E4E}.Debug|iPhoneSimulator.ActiveCfg = Debug|x86
		{4AAC39CC-C34A-4D0B-B1EB-294C1B863E4E}.Debug|iPhoneSimulator.Build.0 = Debug|x86
		{4AAC39CC-C34A-4D0B-B1EB-294C1B863E4E}.Debug|iPhoneSimulator.Deploy.0 = Debug|x86
		{4AAC39CC-C34A-4D0B-B1EB-294C1B863E4E}.Debug|x64.ActiveCfg = Debug|x64
		{4AAC39CC-C34A-4D0B-B1EB-294C1B863E4E}.Debug|x64.Build.0 = Debug|x64
		{4AAC39CC-C34A-4D0B-B1EB-294C1B863E4E}.Debug|x64.Deploy.0 = Debug|x64
		{4AAC39CC-C34A-4D0B-B1EB-294C1B863E4E}.Debug|x86.ActiveCfg = Debug|x86
		{4AAC39CC-C34A-4D0B-B1EB-294C1B863E4E}.Debug|x86.Build.0 = Debug|x86
		{4AAC39CC-C34A-4D0B-B1EB-294C1B863E4E}.Debug|x86.Deploy.0 = Debug|x86
		{4AAC39CC-C34A-4D0B-B1EB-294C1B863E4E}.Release|Any CPU.ActiveCfg = Release|x86
		{4AAC39CC-C34A-4D0B-B1EB-294C1B863E4E}.Release|Any CPU.Build.0 = Release|x86
		{4AAC39CC-C34A-4D0B-B1EB-294C1B863E4E}.Release|Any CPU.Deploy.0 = Release|x86
		{4AAC39CC-C34A-4D0B-B1EB-294C1B863E4E}.Release|ARM.ActiveCfg = Release|ARM
		{4AAC39CC-C34A-4D0B-B1EB-294C1B863E4E}.Release|ARM.Build.0 = Release|ARM
		{4AAC39CC-C34A-4D0B-B1EB-294C1B863E4E}.Release|ARM.Deploy.0 = Release|ARM
		{4AAC39CC-C34A-4D0B-B1EB-294C1B863E4E}.Release|iPhone.ActiveCfg = Release|x86
		{4AAC39CC-C34A-4D0B-B1EB-294C1B863E4E}.Release|iPhone.Build.0 = Release|x86
		{4AAC39CC-C34A-4D0B-B1EB-294C1B863E4E}.Release|iPhone.Deploy.0 = Release|x86
		{4AAC39CC-C34A-4D0B-B1EB-294C1B863E4E}.Release|iPhoneSimulator.ActiveCfg = Release|x86
		{4AAC39CC-C34A-4D0B-B1EB-294C1B863E4E}.Release|iPhoneSimulator.Build.0 = Release|x86
		{4AAC39CC-C34A-4D0B-B1EB-294C1B863E4E}.Release|iPhoneSimulator.Deploy.0 = Release|x86
		{4AAC39CC-C34A-4D0B-B1EB-294C1B863E4E}.Release|x64.ActiveCfg = Release|x64
		{4AAC39CC-C34A-4D0B-B1EB-294C1B863E4E}.Release|x64.Build.0 = Release|x64
		{4AAC39CC-C34A-4D0B-B1EB-294C1B863E4E}.Release|x64.Deploy.0 = Release|x64
		{4AAC39CC-C34A-4D0B-B1EB-294C1B863E4E}.Release|x86.ActiveCfg = Release|x86
		{4AAC39CC-C34A-4D0B-B1EB-294C1B863E4E}.Release|x86.Build.0 = Release|x86
		{4AAC39CC-C34A-4D0B-B1EB-294C1B863E4E}.Release|x86.Deploy.0 = Release|x86
		{B303BF98-75BC-4D1F-A7D4-B4202C466CDD}.Ad-Hoc|Any CPU.ActiveCfg = Debug|Any CPU
		{B303BF98-75BC-4D1F-A7D4-B4202C466CDD}.Ad-Hoc|Any CPU.Build.0 = Debug|Any CPU
		{B303BF98-75BC-4D1F-A7D4-B4202C466CDD}.Ad-Hoc|Any CPU.Deploy.0 = Debug|Any CPU
		{B303BF98-75BC-4D1F-A7D4-B4202C466CDD}.Ad-Hoc|ARM.ActiveCfg = Debug|Any CPU
		{B303BF98-75BC-4D1F-A7D4-B4202C466CDD}.Ad-Hoc|ARM.Build.0 = Debug|Any CPU
		{B303BF98-75BC-4D1F-A7D4-B4202C466CDD}.Ad-Hoc|ARM.Deploy.0 = Debug|Any CPU
		{B303BF98-75BC-4D1F-A7D4-B4202C466CDD}.Ad-Hoc|iPhone.ActiveCfg = Debug|Any CPU
		{B303BF98-75BC-4D1F-A7D4-B4202C466CDD}.Ad-Hoc|iPhone.Build.0 = Debug|Any CPU
		{B303BF98-75BC-4D1F-A7D4-B4202C466CDD}.Ad-Hoc|iPhone.Deploy.0 = Debug|Any CPU
		{B303BF98-75BC-4D1F-A7D4-B4202C466CDD}.Ad-Hoc|iPhoneSimulator.ActiveCfg = Debug|Any CPU
		{B303BF98-75BC-4D1F-A7D4-B4202C466CDD}.Ad-Hoc|iPhoneSimulator.Build.0 = Debug|Any CPU
		{B303BF98-75BC-4D1F-A7D4-B4202C466CDD}.Ad-Hoc|iPhoneSimulator.Deploy.0 = Debug|Any CPU
		{B303BF98-75BC-4D1F-A7D4-B4202C466CDD}.Ad-Hoc|x64.ActiveCfg = Debug|Any CPU
		{B303BF98-75BC-4D1F-A7D4-B4202C466CDD}.Ad-Hoc|x64.Build.0 = Debug|Any CPU
		{B303BF98-75BC-4D1F-A7D4-B4202C466CDD}.Ad-Hoc|x64.Deploy.0 = Debug|Any CPU
		{B303BF98-75BC-4D1F-A7D4-B4202C466CDD}.Ad-Hoc|x86.ActiveCfg = Debug|Any CPU
		{B303BF98-75BC-4D1F-A7D4-B4202C466CDD}.Ad-Hoc|x86.Build.0 = Debug|Any CPU
		{B303BF98-75BC-4D1F-A7D4-B4202C466CDD}.Ad-Hoc|x86.Deploy.0 = Debug|Any CPU
		{B303BF98-75BC-4D1F-A7D4-B4202C466CDD}.AppStore|Any CPU.ActiveCfg = Debug|Any CPU
		{B303BF98-75BC-4D1F-A7D4-B4202C466CDD}.AppStore|Any CPU.Build.0 = Debug|Any CPU
		{B303BF98-75BC-4D1F-A7D4-B4202C466CDD}.AppStore|Any CPU.Deploy.0 = Debug|Any CPU
		{B303BF98-75BC-4D1F-A7D4-B4202C466CDD}.AppStore|ARM.ActiveCfg = Debug|Any CPU
		{B303BF98-75BC-4D1F-A7D4-B4202C466CDD}.AppStore|ARM.Build.0 = Debug|Any CPU
		{B303BF98-75BC-4D1F-A7D4-B4202C466CDD}.AppStore|ARM.Deploy.0 = Debug|Any CPU
		{B303BF98-75BC-4D1F-A7D4-B4202C466CDD}.AppStore|iPhone.ActiveCfg = Debug|Any CPU
		{B303BF98-75BC-4D1F-A7D4-B4202C466CDD}.AppStore|iPhone.Build.0 = Debug|Any CPU
		{B303BF98-75BC-4D1F-A7D4-B4202C466CDD}.AppStore|iPhone.Deploy.0 = Debug|Any CPU
		{B303BF98-75BC-4D1F-A7D4-B4202C466CDD}.AppStore|iPhoneSimulator.ActiveCfg = Debug|Any CPU
		{B303BF98-75BC-4D1F-A7D4-B4202C466CDD}.AppStore|iPhoneSimulator.Build.0 = Debug|Any CPU
		{B303BF98-75BC-4D1F-A7D4-B4202C466CDD}.AppStore|iPhoneSimulator.Deploy.0 = Debug|Any CPU
		{B303BF98-75BC-4D1F-A7D4-B4202C466CDD}.AppStore|x64.ActiveCfg = Debug|Any CPU
		{B303BF98-75BC-4D1F-A7D4-B4202C466CDD}.AppStore|x64.Build.0 = Debug|Any CPU
		{B303BF98-75BC-4D1F-A7D4-B4202C466CDD}.AppStore|x64.Deploy.0 = Debug|Any CPU
		{B303BF98-75BC-4D1F-A7D4-B4202C466CDD}.AppStore|x86.ActiveCfg = Debug|Any CPU
		{B303BF98-75BC-4D1F-A7D4-B4202C466CDD}.AppStore|x86.Build.0 = Debug|Any CPU
		{B303BF98-75BC-4D1F-A7D4-B4202C466CDD}.AppStore|x86.Deploy.0 = Debug|Any CPU
		{B303BF98-75BC-4D1F-A7D4-B4202C466CDD}.Debug|Any CPU.ActiveCfg = Debug|Any CPU
		{B303BF98-75BC-4D1F-A7D4-B4202C466CDD}.Debug|Any CPU.Build.0 = Debug|Any CPU
		{B303BF98-75BC-4D1F-A7D4-B4202C466CDD}.Debug|Any CPU.Deploy.0 = Debug|Any CPU
		{B303BF98-75BC-4D1F-A7D4-B4202C466CDD}.Debug|ARM.ActiveCfg = Debug|Any CPU
		{B303BF98-75BC-4D1F-A7D4-B4202C466CDD}.Debug|ARM.Build.0 = Debug|Any CPU
		{B303BF98-75BC-4D1F-A7D4-B4202C466CDD}.Debug|ARM.Deploy.0 = Debug|Any CPU
		{B303BF98-75BC-4D1F-A7D4-B4202C466CDD}.Debug|iPhone.ActiveCfg = Debug|Any CPU
		{B303BF98-75BC-4D1F-A7D4-B4202C466CDD}.Debug|iPhone.Build.0 = Debug|Any CPU
		{B303BF98-75BC-4D1F-A7D4-B4202C466CDD}.Debug|iPhone.Deploy.0 = Debug|Any CPU
		{B303BF98-75BC-4D1F-A7D4-B4202C466CDD}.Debug|iPhoneSimulator.ActiveCfg = Debug|Any CPU
		{B303BF98-75BC-4D1F-A7D4-B4202C466CDD}.Debug|iPhoneSimulator.Build.0 = Debug|Any CPU
		{B303BF98-75BC-4D1F-A7D4-B4202C466CDD}.Debug|iPhoneSimulator.Deploy.0 = Debug|Any CPU
		{B303BF98-75BC-4D1F-A7D4-B4202C466CDD}.Debug|x64.ActiveCfg = Debug|Any CPU
		{B303BF98-75BC-4D1F-A7D4-B4202C466CDD}.Debug|x64.Build.0 = Debug|Any CPU
		{B303BF98-75BC-4D1F-A7D4-B4202C466CDD}.Debug|x64.Deploy.0 = Debug|Any CPU
		{B303BF98-75BC-4D1F-A7D4-B4202C466CDD}.Debug|x86.ActiveCfg = Debug|Any CPU
		{B303BF98-75BC-4D1F-A7D4-B4202C466CDD}.Debug|x86.Build.0 = Debug|Any CPU
		{B303BF98-75BC-4D1F-A7D4-B4202C466CDD}.Debug|x86.Deploy.0 = Debug|Any CPU
		{B303BF98-75BC-4D1F-A7D4-B4202C466CDD}.Release|Any CPU.ActiveCfg = Release|Any CPU
		{B303BF98-75BC-4D1F-A7D4-B4202C466CDD}.Release|Any CPU.Build.0 = Release|Any CPU
		{B303BF98-75BC-4D1F-A7D4-B4202C466CDD}.Release|Any CPU.Deploy.0 = Release|Any CPU
		{B303BF98-75BC-4D1F-A7D4-B4202C466CDD}.Release|ARM.ActiveCfg = Release|Any CPU
		{B303BF98-75BC-4D1F-A7D4-B4202C466CDD}.Release|ARM.Build.0 = Release|Any CPU
		{B303BF98-75BC-4D1F-A7D4-B4202C466CDD}.Release|ARM.Deploy.0 = Release|Any CPU
		{B303BF98-75BC-4D1F-A7D4-B4202C466CDD}.Release|iPhone.ActiveCfg = Release|Any CPU
		{B303BF98-75BC-4D1F-A7D4-B4202C466CDD}.Release|iPhone.Build.0 = Release|Any CPU
		{B303BF98-75BC-4D1F-A7D4-B4202C466CDD}.Release|iPhone.Deploy.0 = Release|Any CPU
		{B303BF98-75BC-4D1F-A7D4-B4202C466CDD}.Release|iPhoneSimulator.ActiveCfg = Release|Any CPU
		{B303BF98-75BC-4D1F-A7D4-B4202C466CDD}.Release|iPhoneSimulator.Build.0 = Release|Any CPU
		{B303BF98-75BC-4D1F-A7D4-B4202C466CDD}.Release|iPhoneSimulator.Deploy.0 = Release|Any CPU
		{B303BF98-75BC-4D1F-A7D4-B4202C466CDD}.Release|x64.ActiveCfg = Release|Any CPU
		{B303BF98-75BC-4D1F-A7D4-B4202C466CDD}.Release|x64.Build.0 = Release|Any CPU
		{B303BF98-75BC-4D1F-A7D4-B4202C466CDD}.Release|x64.Deploy.0 = Release|Any CPU
		{B303BF98-75BC-4D1F-A7D4-B4202C466CDD}.Release|x86.ActiveCfg = Release|Any CPU
		{B303BF98-75BC-4D1F-A7D4-B4202C466CDD}.Release|x86.Build.0 = Release|Any CPU
		{B303BF98-75BC-4D1F-A7D4-B4202C466CDD}.Release|x86.Deploy.0 = Release|Any CPU
		{3E0CF366-D5D4-4189-B295-42A6012BCC50}.Ad-Hoc|Any CPU.ActiveCfg = Debug|Any CPU
		{3E0CF366-D5D4-4189-B295-42A6012BCC50}.Ad-Hoc|Any CPU.Build.0 = Debug|Any CPU
		{3E0CF366-D5D4-4189-B295-42A6012BCC50}.Ad-Hoc|ARM.ActiveCfg = Debug|Any CPU
		{3E0CF366-D5D4-4189-B295-42A6012BCC50}.Ad-Hoc|ARM.Build.0 = Debug|Any CPU
		{3E0CF366-D5D4-4189-B295-42A6012BCC50}.Ad-Hoc|iPhone.ActiveCfg = Debug|Any CPU
		{3E0CF366-D5D4-4189-B295-42A6012BCC50}.Ad-Hoc|iPhone.Build.0 = Debug|Any CPU
		{3E0CF366-D5D4-4189-B295-42A6012BCC50}.Ad-Hoc|iPhoneSimulator.ActiveCfg = Debug|Any CPU
		{3E0CF366-D5D4-4189-B295-42A6012BCC50}.Ad-Hoc|iPhoneSimulator.Build.0 = Debug|Any CPU
		{3E0CF366-D5D4-4189-B295-42A6012BCC50}.Ad-Hoc|x64.ActiveCfg = Debug|Any CPU
		{3E0CF366-D5D4-4189-B295-42A6012BCC50}.Ad-Hoc|x64.Build.0 = Debug|Any CPU
		{3E0CF366-D5D4-4189-B295-42A6012BCC50}.Ad-Hoc|x86.ActiveCfg = Debug|Any CPU
		{3E0CF366-D5D4-4189-B295-42A6012BCC50}.Ad-Hoc|x86.Build.0 = Debug|Any CPU
		{3E0CF366-D5D4-4189-B295-42A6012BCC50}.AppStore|Any CPU.ActiveCfg = Debug|Any CPU
		{3E0CF366-D5D4-4189-B295-42A6012BCC50}.AppStore|Any CPU.Build.0 = Debug|Any CPU
		{3E0CF366-D5D4-4189-B295-42A6012BCC50}.AppStore|ARM.ActiveCfg = Debug|Any CPU
		{3E0CF366-D5D4-4189-B295-42A6012BCC50}.AppStore|ARM.Build.0 = Debug|Any CPU
		{3E0CF366-D5D4-4189-B295-42A6012BCC50}.AppStore|iPhone.ActiveCfg = Debug|Any CPU
		{3E0CF366-D5D4-4189-B295-42A6012BCC50}.AppStore|iPhone.Build.0 = Debug|Any CPU
		{3E0CF366-D5D4-4189-B295-42A6012BCC50}.AppStore|iPhoneSimulator.ActiveCfg = Debug|Any CPU
		{3E0CF366-D5D4-4189-B295-42A6012BCC50}.AppStore|iPhoneSimulator.Build.0 = Debug|Any CPU
		{3E0CF366-D5D4-4189-B295-42A6012BCC50}.AppStore|x64.ActiveCfg = Debug|Any CPU
		{3E0CF366-D5D4-4189-B295-42A6012BCC50}.AppStore|x64.Build.0 = Debug|Any CPU
		{3E0CF366-D5D4-4189-B295-42A6012BCC50}.AppStore|x86.ActiveCfg = Debug|Any CPU
		{3E0CF366-D5D4-4189-B295-42A6012BCC50}.AppStore|x86.Build.0 = Debug|Any CPU
		{3E0CF366-D5D4-4189-B295-42A6012BCC50}.Debug|Any CPU.ActiveCfg = Debug|Any CPU
		{3E0CF366-D5D4-4189-B295-42A6012BCC50}.Debug|Any CPU.Build.0 = Debug|Any CPU
		{3E0CF366-D5D4-4189-B295-42A6012BCC50}.Debug|ARM.ActiveCfg = Debug|Any CPU
		{3E0CF366-D5D4-4189-B295-42A6012BCC50}.Debug|ARM.Build.0 = Debug|Any CPU
		{3E0CF366-D5D4-4189-B295-42A6012BCC50}.Debug|iPhone.ActiveCfg = Debug|Any CPU
		{3E0CF366-D5D4-4189-B295-42A6012BCC50}.Debug|iPhone.Build.0 = Debug|Any CPU
		{3E0CF366-D5D4-4189-B295-42A6012BCC50}.Debug|iPhoneSimulator.ActiveCfg = Debug|Any CPU
		{3E0CF366-D5D4-4189-B295-42A6012BCC50}.Debug|iPhoneSimulator.Build.0 = Debug|Any CPU
		{3E0CF366-D5D4-4189-B295-42A6012BCC50}.Debug|x64.ActiveCfg = Debug|Any CPU
		{3E0CF366-D5D4-4189-B295-42A6012BCC50}.Debug|x64.Build.0 = Debug|Any CPU
		{3E0CF366-D5D4-4189-B295-42A6012BCC50}.Debug|x86.ActiveCfg = Debug|Any CPU
		{3E0CF366-D5D4-4189-B295-42A6012BCC50}.Debug|x86.Build.0 = Debug|Any CPU
		{3E0CF366-D5D4-4189-B295-42A6012BCC50}.Release|Any CPU.ActiveCfg = Release|Any CPU
		{3E0CF366-D5D4-4189-B295-42A6012BCC50}.Release|Any CPU.Build.0 = Release|Any CPU
		{3E0CF366-D5D4-4189-B295-42A6012BCC50}.Release|ARM.ActiveCfg = Release|Any CPU
		{3E0CF366-D5D4-4189-B295-42A6012BCC50}.Release|ARM.Build.0 = Release|Any CPU
		{3E0CF366-D5D4-4189-B295-42A6012BCC50}.Release|iPhone.ActiveCfg = Release|Any CPU
		{3E0CF366-D5D4-4189-B295-42A6012BCC50}.Release|iPhone.Build.0 = Release|Any CPU
		{3E0CF366-D5D4-4189-B295-42A6012BCC50}.Release|iPhoneSimulator.ActiveCfg = Release|Any CPU
		{3E0CF366-D5D4-4189-B295-42A6012BCC50}.Release|iPhoneSimulator.Build.0 = Release|Any CPU
		{3E0CF366-D5D4-4189-B295-42A6012BCC50}.Release|x64.ActiveCfg = Release|Any CPU
		{3E0CF366-D5D4-4189-B295-42A6012BCC50}.Release|x64.Build.0 = Release|Any CPU
		{3E0CF366-D5D4-4189-B295-42A6012BCC50}.Release|x86.ActiveCfg = Release|Any CPU
		{3E0CF366-D5D4-4189-B295-42A6012BCC50}.Release|x86.Build.0 = Release|Any CPU
	EndGlobalSection
	GlobalSection(SolutionProperties) = preSolution
		HideSolutionNode = FALSE
	EndGlobalSection
	GlobalSection(ExtensibilityGlobals) = postSolution
		SolutionGuid = {19289531-36E4-4E3F-A65B-3AC0ECADB8C5}
	EndGlobalSection
EndGlobal
